
Microsoft Visual Studio Solution File, Format Version 12.00
# Visual Studio Version 16
VisualStudioVersion = 16.0.29025.244
MinimumVisualStudioVersion = 10.0.40219.1
Project("{FAE04EC0-301F-11D3-BF4B-00C04F79EFBC}") = "Jabar", "Jabar\Jabar.csproj", "{204DD879-6B16-4248-8C3E-CF6D0FC0858C}"
EndProject
Global
	GlobalSection(SolutionConfigurationPlatforms) = preSolution
		Debug|Any CPU = Debug|Any CPU
		Release|Any CPU = Release|Any CPU
	EndGlobalSection
	GlobalSection(ProjectConfigurationPlatforms) = postSolution
		{204DD879-6B16-4248-8C3E-CF6D0FC0858C}.Debug|Any CPU.ActiveCfg = Debug|Any CPU
		{204DD879-6B16-4248-8C3E-CF6D0FC0858C}.Debug|Any CPU.Build.0 = Debug|Any CPU
		{204DD879-6B16-4248-8C3E-CF6D0FC0858C}.Release|Any CPU.ActiveCfg = Release|Any CPU
		{204DD879-6B16-4248-8C3E-CF6D0FC0858C}.Release|Any CPU.Build.0 = Release|Any CPU
	EndGlobalSection
	GlobalSection(SolutionProperties) = preSolution
		HideSolutionNode = FALSE
	EndGlobalSection
	GlobalSection(ExtensibilityGlobals) = postSolution
		SolutionGuid = {AED0A102-95BF-4421-997F-54A2703E9F44}
	EndGlobalSection
EndGlobal
